
Microsoft Visual Studio Solution File, Format Version 12.00
# Visual Studio 15
VisualStudioVersion = 15.0.28307.1500
MinimumVisualStudioVersion = 10.0.40219.1
Project("{8BC9CEB8-8B4A-11D0-8D11-00A0C91BC942}") = "20220509_00", "20220509\20220509.vcxproj", "{D306C473-32B1-4756-830D-4FC0953FE660}"
EndProject
Project("{8BC9CEB8-8B4A-11D0-8D11-00A0C91BC942}") = "20220509_01", "test\test.vcxproj", "{79FCC507-1651-4B27-9352-C89B3B3F144E}"
EndProject
Project("{8BC9CEB8-8B4A-11D0-8D11-00A0C91BC942}") = "20220509_02", "Project1\Project1.vcxproj", "{505231D1-D80F-45E2-82D5-6DAE959DDD1C}"
EndProject
Project("{8BC9CEB8-8B4A-11D0-8D11-00A0C91BC942}") = "20220509_03", "20220509_03\20220509_03.vcxproj", "{9E8F94CE-CD45-4E24-8E3C-C47D9F941831}"
EndProject
Project("{8BC9CEB8-8B4A-11D0-8D11-00A0C91BC942}") = "20220509_04", "20220509_04\20220509_04.vcxproj", "{A041F93C-C1CF-4D2F-A67D-E53CD42EBF84}"
EndProject
Project("{8BC9CEB8-8B4A-11D0-8D11-00A0C91BC942}") = "20220509_05", "20200509_05\20200509_05.vcxproj", "{FEC29095-CF2E-4A43-B975-C65C12459390}"
EndProject
Project("{8BC9CEB8-8B4A-11D0-8D11-00A0C91BC942}") = "20220510_00", "20220510_00\20220510_00.vcxproj", "{B0FDA22A-AC06-4F4B-81BB-702861BFEF7A}"
EndProject
Project("{8BC9CEB8-8B4A-11D0-8D11-00A0C91BC942}") = "20220510_01", "20220510_01\20220510_01.vcxproj", "{DE0CC67C-6631-4A9C-8734-42F4337D1065}"
EndProject
Project("{8BC9CEB8-8B4A-11D0-8D11-00A0C91BC942}") = "20220510_02", "20220510_02\20220510_02.vcxproj", "{13ABB5C9-9D26-4E36-B1C5-BF45287DCB14}"
EndProject
Project("{8BC9CEB8-8B4A-11D0-8D11-00A0C91BC942}") = "20220510_03", "20220510_03\20220510_03.vcxproj", "{ACB27C01-B5C1-4C66-8FB7-B9D40EDE2B31}"
EndProject
Project("{8BC9CEB8-8B4A-11D0-8D11-00A0C91BC942}") = "20220511_00", "20220511_00\20220511_00.vcxproj", "{5942F543-7D25-4ECF-A0B4-9B9C2ABE675F}"
EndProject
Project("{8BC9CEB8-8B4A-11D0-8D11-00A0C91BC942}") = "20220511_01", "20220511_01\20220511_01.vcxproj", "{DA6C2450-98C0-48B8-A92F-E381A9D43C6E}"
EndProject
Project("{8BC9CEB8-8B4A-11D0-8D11-00A0C91BC942}") = "20220511_02", "20220511_02\20220511_02.vcxproj", "{1F5129B2-9246-47DC-AC81-CFAE71E12201}"
EndProject
Global
	GlobalSection(SolutionConfigurationPlatforms) = preSolution
		Debug|x64 = Debug|x64
		Debug|x86 = Debug|x86
		Release|x64 = Release|x64
		Release|x86 = Release|x86
	EndGlobalSection
	GlobalSection(ProjectConfigurationPlatforms) = postSolution
		{D306C473-32B1-4756-830D-4FC0953FE660}.Debug|x64.ActiveCfg = Debug|x64
		{D306C473-32B1-4756-830D-4FC0953FE660}.Debug|x64.Build.0 = Debug|x64
		{D306C473-32B1-4756-830D-4FC0953FE660}.Debug|x86.ActiveCfg = Debug|Win32
		{D306C473-32B1-4756-830D-4FC0953FE660}.Debug|x86.Build.0 = Debug|Win32
		{D306C473-32B1-4756-830D-4FC0953FE660}.Release|x64.ActiveCfg = Release|x64
		{D306C473-32B1-4756-830D-4FC0953FE660}.Release|x64.Build.0 = Release|x64
		{D306C473-32B1-4756-830D-4FC0953FE660}.Release|x86.ActiveCfg = Release|Win32
		{D306C473-32B1-4756-830D-4FC0953FE660}.Release|x86.Build.0 = Release|Win32
		{79FCC507-1651-4B27-9352-C89B3B3F144E}.Debug|x64.ActiveCfg = Debug|x64
		{79FCC507-1651-4B27-9352-C89B3B3F144E}.Debug|x64.Build.0 = Debug|x64
		{79FCC507-1651-4B27-9352-C89B3B3F144E}.Debug|x86.ActiveCfg = Debug|Win32
		{79FCC507-1651-4B27-9352-C89B3B3F144E}.Debug|x86.Build.0 = Debug|Win32
		{79FCC507-1651-4B27-9352-C89B3B3F144E}.Release|x64.ActiveCfg = Release|x64
		{79FCC507-1651-4B27-9352-C89B3B3F144E}.Release|x64.Build.0 = Release|x64
		{79FCC507-1651-4B27-9352-C89B3B3F144E}.Release|x86.ActiveCfg = Release|Win32
		{79FCC507-1651-4B27-9352-C89B3B3F144E}.Release|x86.Build.0 = Release|Win32
		{505231D1-D80F-45E2-82D5-6DAE959DDD1C}.Debug|x64.ActiveCfg = Debug|x64
		{505231D1-D80F-45E2-82D5-6DAE959DDD1C}.Debug|x64.Build.0 = Debug|x64
		{505231D1-D80F-45E2-82D5-6DAE959DDD1C}.Debug|x86.ActiveCfg = Debug|Win32
		{505231D1-D80F-45E2-82D5-6DAE959DDD1C}.Debug|x86.Build.0 = Debug|Win32
		{505231D1-D80F-45E2-82D5-6DAE959DDD1C}.Release|x64.ActiveCfg = Release|x64
		{505231D1-D80F-45E2-82D5-6DAE959DDD1C}.Release|x64.Build.0 = Release|x64
		{505231D1-D80F-45E2-82D5-6DAE959DDD1C}.Release|x86.ActiveCfg = Release|Win32
		{505231D1-D80F-45E2-82D5-6DAE959DDD1C}.Release|x86.Build.0 = Release|Win32
		{9E8F94CE-CD45-4E24-8E3C-C47D9F941831}.Debug|x64.ActiveCfg = Debug|x64
		{9E8F94CE-CD45-4E24-8E3C-C47D9F941831}.Debug|x64.Build.0 = Debug|x64
		{9E8F94CE-CD45-4E24-8E3C-C47D9F941831}.Debug|x86.ActiveCfg = Debug|Win32
		{9E8F94CE-CD45-4E24-8E3C-C47D9F941831}.Debug|x86.Build.0 = Debug|Win32
		{9E8F94CE-CD45-4E24-8E3C-C47D9F941831}.Release|x64.ActiveCfg = Release|x64
		{9E8F94CE-CD45-4E24-8E3C-C47D9F941831}.Release|x64.Build.0 = Release|x64
		{9E8F94CE-CD45-4E24-8E3C-C47D9F941831}.Release|x86.ActiveCfg = Release|Win32
		{9E8F94CE-CD45-4E24-8E3C-C47D9F941831}.Release|x86.Build.0 = Release|Win32
		{A041F93C-C1CF-4D2F-A67D-E53CD42EBF84}.Debug|x64.ActiveCfg = Debug|x64
		{A041F93C-C1CF-4D2F-A67D-E53CD42EBF84}.Debug|x64.Build.0 = Debug|x64
		{A041F93C-C1CF-4D2F-A67D-E53CD42EBF84}.Debug|x86.ActiveCfg = Debug|Win32
		{A041F93C-C1CF-4D2F-A67D-E53CD42EBF84}.Debug|x86.Build.0 = Debug|Win32
		{A041F93C-C1CF-4D2F-A67D-E53CD42EBF84}.Release|x64.ActiveCfg = Release|x64
		{A041F93C-C1CF-4D2F-A67D-E53CD42EBF84}.Release|x64.Build.0 = Release|x64
		{A041F93C-C1CF-4D2F-A67D-E53CD42EBF84}.Release|x86.ActiveCfg = Release|Win32
		{A041F93C-C1CF-4D2F-A67D-E53CD42EBF84}.Release|x86.Build.0 = Release|Win32
		{FEC29095-CF2E-4A43-B975-C65C12459390}.Debug|x64.ActiveCfg = Debug|x64
		{FEC29095-CF2E-4A43-B975-C65C12459390}.Debug|x64.Build.0 = Debug|x64
		{FEC29095-CF2E-4A43-B975-C65C12459390}.Debug|x86.ActiveCfg = Debug|Win32
		{FEC29095-CF2E-4A43-B975-C65C12459390}.Debug|x86.Build.0 = Debug|Win32
		{FEC29095-CF2E-4A43-B975-C65C12459390}.Release|x64.ActiveCfg = Release|x64
		{FEC29095-CF2E-4A43-B975-C65C12459390}.Release|x64.Build.0 = Release|x64
		{FEC29095-CF2E-4A43-B975-C65C12459390}.Release|x86.ActiveCfg = Release|Win32
		{FEC29095-CF2E-4A43-B975-C65C12459390}.Release|x86.Build.0 = Release|Win32
		{B0FDA22A-AC06-4F4B-81BB-702861BFEF7A}.Debug|x64.ActiveCfg = Debug|x64
		{B0FDA22A-AC06-4F4B-81BB-702861BFEF7A}.Debug|x64.Build.0 = Debug|x64
		{B0FDA22A-AC06-4F4B-81BB-702861BFEF7A}.Debug|x86.ActiveCfg = Debug|Win32
		{B0FDA22A-AC06-4F4B-81BB-702861BFEF7A}.Debug|x86.Build.0 = Debug|Win32
		{B0FDA22A-AC06-4F4B-81BB-702861BFEF7A}.Release|x64.ActiveCfg = Release|x64
		{B0FDA22A-AC06-4F4B-81BB-702861BFEF7A}.Release|x64.Build.0 = Release|x64
		{B0FDA22A-AC06-4F4B-81BB-702861BFEF7A}.Release|x86.ActiveCfg = Release|Win32
		{B0FDA22A-AC06-4F4B-81BB-702861BFEF7A}.Release|x86.Build.0 = Release|Win32
		{DE0CC67C-6631-4A9C-8734-42F4337D1065}.Debug|x64.ActiveCfg = Debug|x64
		{DE0CC67C-6631-4A9C-8734-42F4337D1065}.Debug|x64.Build.0 = Debug|x64
		{DE0CC67C-6631-4A9C-8734-42F4337D1065}.Debug|x86.ActiveCfg = Debug|Win32
		{DE0CC67C-6631-4A9C-8734-42F4337D1065}.Debug|x86.Build.0 = Debug|Win32
		{DE0CC67C-6631-4A9C-8734-42F4337D1065}.Release|x64.ActiveCfg = Release|x64
		{DE0CC67C-6631-4A9C-8734-42F4337D1065}.Release|x64.Build.0 = Release|x64
		{DE0CC67C-6631-4A9C-8734-42F4337D1065}.Release|x86.ActiveCfg = Release|Win32
		{DE0CC67C-6631-4A9C-8734-42F4337D1065}.Release|x86.Build.0 = Release|Win32
		{13ABB5C9-9D26-4E36-B1C5-BF45287DCB14}.Debug|x64.ActiveCfg = Debug|x64
		{13ABB5C9-9D26-4E36-B1C5-BF45287DCB14}.Debug|x64.Build.0 = Debug|x64
		{13ABB5C9-9D26-4E36-B1C5-BF45287DCB14}.Debug|x86.ActiveCfg = Debug|Win32
		{13ABB5C9-9D26-4E36-B1C5-BF45287DCB14}.Debug|x86.Build.0 = Debug|Win32
		{13ABB5C9-9D26-4E36-B1C5-BF45287DCB14}.Release|x64.ActiveCfg = Release|x64
		{13ABB5C9-9D26-4E36-B1C5-BF45287DCB14}.Release|x64.Build.0 = Release|x64
		{13ABB5C9-9D26-4E36-B1C5-BF45287DCB14}.Release|x86.ActiveCfg = Release|Win32
		{13ABB5C9-9D26-4E36-B1C5-BF45287DCB14}.Release|x86.Build.0 = Release|Win32
		{ACB27C01-B5C1-4C66-8FB7-B9D40EDE2B31}.Debug|x64.ActiveCfg = Debug|x64
		{ACB27C01-B5C1-4C66-8FB7-B9D40EDE2B31}.Debug|x64.Build.0 = Debug|x64
		{ACB27C01-B5C1-4C66-8FB7-B9D40EDE2B31}.Debug|x86.ActiveCfg = Debug|Win32
		{ACB27C01-B5C1-4C66-8FB7-B9D40EDE2B31}.Debug|x86.Build.0 = Debug|Win32
		{ACB27C01-B5C1-4C66-8FB7-B9D40EDE2B31}.Release|x64.ActiveCfg = Release|x64
		{ACB27C01-B5C1-4C66-8FB7-B9D40EDE2B31}.Release|x64.Build.0 = Release|x64
		{ACB27C01-B5C1-4C66-8FB7-B9D40EDE2B31}.Release|x86.ActiveCfg = Release|Win32
		{ACB27C01-B5C1-4C66-8FB7-B9D40EDE2B31}.Release|x86.Build.0 = Release|Win32
		{5942F543-7D25-4ECF-A0B4-9B9C2ABE675F}.Debug|x64.ActiveCfg = Debug|x64
		{5942F543-7D25-4ECF-A0B4-9B9C2ABE675F}.Debug|x64.Build.0 = Debug|x64
		{5942F543-7D25-4ECF-A0B4-9B9C2ABE675F}.Debug|x86.ActiveCfg = Debug|Win32
		{5942F543-7D25-4ECF-A0B4-9B9C2ABE675F}.Debug|x86.Build.0 = Debug|Win32
		{5942F543-7D25-4ECF-A0B4-9B9C2ABE675F}.Release|x64.ActiveCfg = Release|x64
		{5942F543-7D25-4ECF-A0B4-9B9C2ABE675F}.Release|x64.Build.0 = Release|x64
		{5942F543-7D25-4ECF-A0B4-9B9C2ABE675F}.Release|x86.ActiveCfg = Release|Win32
		{5942F543-7D25-4ECF-A0B4-9B9C2ABE675F}.Release|x86.Build.0 = Release|Win32
		{DA6C2450-98C0-48B8-A92F-E381A9D43C6E}.Debug|x64.ActiveCfg = Debug|x64
		{DA6C2450-98C0-48B8-A92F-E381A9D43C6E}.Debug|x64.Build.0 = Debug|x64
		{DA6C2450-98C0-48B8-A92F-E381A9D43C6E}.Debug|x86.ActiveCfg = Debug|Win32
		{DA6C2450-98C0-48B8-A92F-E381A9D43C6E}.Debug|x86.Build.0 = Debug|Win32
		{DA6C2450-98C0-48B8-A92F-E381A9D43C6E}.Release|x64.ActiveCfg = Release|x64
		{DA6C2450-98C0-48B8-A92F-E381A9D43C6E}.Release|x64.Build.0 = Release|x64
		{DA6C2450-98C0-48B8-A92F-E381A9D43C6E}.Release|x86.ActiveCfg = Release|Win32
		{DA6C2450-98C0-48B8-A92F-E381A9D43C6E}.Release|x86.Build.0 = Release|Win32
		{1F5129B2-9246-47DC-AC81-CFAE71E12201}.Debug|x64.ActiveCfg = Debug|x64
		{1F5129B2-9246-47DC-AC81-CFAE71E12201}.Debug|x64.Build.0 = Debug|x64
		{1F5129B2-9246-47DC-AC81-CFAE71E12201}.Debug|x86.ActiveCfg = Debug|Win32
		{1F5129B2-9246-47DC-AC81-CFAE71E12201}.Debug|x86.Build.0 = Debug|Win32
		{1F5129B2-9246-47DC-AC81-CFAE71E12201}.Release|x64.ActiveCfg = Release|x64
		{1F5129B2-9246-47DC-AC81-CFAE71E12201}.Release|x64.Build.0 = Release|x64
		{1F5129B2-9246-47DC-AC81-CFAE71E12201}.Release|x86.ActiveCfg = Release|Win32
		{1F5129B2-9246-47DC-AC81-CFAE71E12201}.Release|x86.Build.0 = Release|Win32
	EndGlobalSection
	GlobalSection(SolutionProperties) = preSolution
		HideSolutionNode = FALSE
	EndGlobalSection
	GlobalSection(ExtensibilityGlobals) = postSolution
		SolutionGuid = {598BEEEE-C6AF-478C-B2BD-0DA334B5118A}
	EndGlobalSection
EndGlobal
